// !$*UTF8*$!
{
	archiveVersion = 1;
	classes = {
	};
	objectVersion = 77;
	objects = {

/* Begin PBXBuildFile section */
		0C3355072CC7B63700776F58 /* ComplexModule in Frameworks */ = {isa = PBXBuildFile; productRef = 0C3355062CC7B63700776F58 /* ComplexModule */; };
		0C3355092CC7B63700776F58 /* Numerics in Frameworks */ = {isa = PBXBuildFile; productRef = 0C3355082CC7B63700776F58 /* Numerics */; };
		0C33550B2CC7B63700776F58 /* RealModule in Frameworks */ = {isa = PBXBuildFile; productRef = 0C33550A2CC7B63700776F58 /* RealModule */; };
/* End PBXBuildFile section */

/* Begin PBXContainerItemProxy section */
		0C3354DB2CC7A52100776F58 /* PBXContainerItemProxy */ = {
			isa = PBXContainerItemProxy;
			containerPortal = 0C3354C22CC7A51E00776F58 /* Project object */;
			proxyType = 1;
			remoteGlobalIDString = 0C3354C92CC7A51E00776F58;
			remoteInfo = Computor;
		};
		0C3354E52CC7A52100776F58 /* PBXContainerItemProxy */ = {
			isa = PBXContainerItemProxy;
			containerPortal = 0C3354C22CC7A51E00776F58 /* Project object */;
			proxyType = 1;
			remoteGlobalIDString = 0C3354C92CC7A51E00776F58;
			remoteInfo = Computor;
		};
/* End PBXContainerItemProxy section */

/* Begin PBXCopyFilesBuildPhase section */
		0CB0DB782D6BE74800BEC61F /* Embed Frameworks */ = {
			isa = PBXCopyFilesBuildPhase;
			buildActionMask = 2147483647;
			dstPath = "";
			dstSubfolderSpec = 10;
			files = (
			);
			name = "Embed Frameworks";
			runOnlyForDeploymentPostprocessing = 0;
		};
/* End PBXCopyFilesBuildPhase section */

/* Begin PBXFileReference section */
		0C3354CA2CC7A51E00776F58 /* Computor.app */ = {isa = PBXFileReference; explicitFileType = wrapper.application; includeInIndex = 0; path = Computor.app; sourceTree = BUILT_PRODUCTS_DIR; };
		0C3354DA2CC7A52100776F58 /* ComputorTests.xctest */ = {isa = PBXFileReference; explicitFileType = wrapper.cfbundle; includeInIndex = 0; path = ComputorTests.xctest; sourceTree = BUILT_PRODUCTS_DIR; };
		0C3354E42CC7A52100776F58 /* ComputorUITests.xctest */ = {isa = PBXFileReference; explicitFileType = wrapper.cfbundle; includeInIndex = 0; path = ComputorUITests.xctest; sourceTree = BUILT_PRODUCTS_DIR; };
/* End PBXFileReference section */

/* Begin PBXFileSystemSynchronizedRootGroup section */
		0C3354CC2CC7A51E00776F58 /* Computor */ = {
			isa = PBXFileSystemSynchronizedRootGroup;
			path = Computor;
			sourceTree = "<group>";
		};
		0C3354DD2CC7A52100776F58 /* ComputorTests */ = {
			isa = PBXFileSystemSynchronizedRootGroup;
			path = ComputorTests;
			sourceTree = "<group>";
		};
		0C3354E72CC7A52100776F58 /* ComputorUITests */ = {
			isa = PBXFileSystemSynchronizedRootGroup;
			path = ComputorUITests;
			sourceTree = "<group>";
		};
/* End PBXFileSystemSynchronizedRootGroup section */

/* Begin PBXFrameworksBuildPhase section */
		0C3354C72CC7A51E00776F58 /* Frameworks */ = {
			isa = PBXFrameworksBuildPhase;
			buildActionMask = 2147483647;
			files = (
				0C3355092CC7B63700776F58 /* Numerics in Frameworks */,
				0C3355072CC7B63700776F58 /* ComplexModule in Frameworks */,
				0C33550B2CC7B63700776F58 /* RealModule in Frameworks */,
			);
			runOnlyForDeploymentPostprocessing = 0;
		};
		0C3354D72CC7A52100776F58 /* Frameworks */ = {
			isa = PBXFrameworksBuildPhase;
			buildActionMask = 2147483647;
			files = (
			);
			runOnlyForDeploymentPostprocessing = 0;
		};
		0C3354E12CC7A52100776F58 /* Frameworks */ = {
			isa = PBXFrameworksBuildPhase;
			buildActionMask = 2147483647;
			files = (
			);
			runOnlyForDeploymentPostprocessing = 0;
		};
/* End PBXFrameworksBuildPhase section */

/* Begin PBXGroup section */
		0C3354C12CC7A51E00776F58 = {
			isa = PBXGroup;
			children = (
				0C3354CC2CC7A51E00776F58 /* Computor */,
				0C3354DD2CC7A52100776F58 /* ComputorTests */,
				0C3354E72CC7A52100776F58 /* ComputorUITests */,
				0CB0DB6C2D6BC04F00BEC61F /* Frameworks */,
				0C3354CB2CC7A51E00776F58 /* Products */,
			);
			sourceTree = "<group>";
		};
		0C3354CB2CC7A51E00776F58 /* Products */ = {
			isa = PBXGroup;
			children = (
				0C3354CA2CC7A51E00776F58 /* Computor.app */,
				0C3354DA2CC7A52100776F58 /* ComputorTests.xctest */,
				0C3354E42CC7A52100776F58 /* ComputorUITests.xctest */,
			);
			name = Products;
			sourceTree = "<group>";
		};
		0CB0DB6C2D6BC04F00BEC61F /* Frameworks */ = {
			isa = PBXGroup;
			children = (
			);
			name = Frameworks;
			sourceTree = "<group>";
		};
/* End PBXGroup section */

/* Begin PBXNativeTarget section */
		0C3354C92CC7A51E00776F58 /* Computor */ = {
			isa = PBXNativeTarget;
			buildConfigurationList = 0C3354EE2CC7A52100776F58 /* Build configuration list for PBXNativeTarget "Computor" */;
			buildPhases = (
				0C3354C62CC7A51E00776F58 /* Sources */,
				0C3354C72CC7A51E00776F58 /* Frameworks */,
				0C3354C82CC7A51E00776F58 /* Resources */,
				0CB0DB782D6BE74800BEC61F /* Embed Frameworks */,
			);
			buildRules = (
			);
			dependencies = (
			);
			fileSystemSynchronizedGroups = (
				0C3354CC2CC7A51E00776F58 /* Computor */,
			);
			name = Computor;
			packageProductDependencies = (
				0C3355062CC7B63700776F58 /* ComplexModule */,
				0C3355082CC7B63700776F58 /* Numerics */,
				0C33550A2CC7B63700776F58 /* RealModule */,
			);
			productName = Computor;
			productReference = 0C3354CA2CC7A51E00776F58 /* Computor.app */;
			productType = "com.apple.product-type.application";
		};
		0C3354D92CC7A52100776F58 /* ComputorTests */ = {
			isa = PBXNativeTarget;
			buildConfigurationList = 0C3354F12CC7A52100776F58 /* Build configuration list for PBXNativeTarget "ComputorTests" */;
			buildPhases = (
				0C3354D62CC7A52100776F58 /* Sources */,
				0C3354D72CC7A52100776F58 /* Frameworks */,
				0C3354D82CC7A52100776F58 /* Resources */,
			);
			buildRules = (
			);
			dependencies = (
				0C3354DC2CC7A52100776F58 /* PBXTargetDependency */,
			);
			fileSystemSynchronizedGroups = (
				0C3354DD2CC7A52100776F58 /* ComputorTests */,
			);
			name = ComputorTests;
			packageProductDependencies = (
			);
			productName = ComputorTests;
			productReference = 0C3354DA2CC7A52100776F58 /* ComputorTests.xctest */;
			productType = "com.apple.product-type.bundle.unit-test";
		};
		0C3354E32CC7A52100776F58 /* ComputorUITests */ = {
			isa = PBXNativeTarget;
			buildConfigurationList = 0C3354F42CC7A52100776F58 /* Build configuration list for PBXNativeTarget "ComputorUITests" */;
			buildPhases = (
				0C3354E02CC7A52100776F58 /* Sources */,
				0C3354E12CC7A52100776F58 /* Frameworks */,
				0C3354E22CC7A52100776F58 /* Resources */,
			);
			buildRules = (
			);
			dependencies = (
				0C3354E62CC7A52100776F58 /* PBXTargetDependency */,
			);
			fileSystemSynchronizedGroups = (
				0C3354E72CC7A52100776F58 /* ComputorUITests */,
			);
			name = ComputorUITests;
			packageProductDependencies = (
			);
			productName = ComputorUITests;
			productReference = 0C3354E42CC7A52100776F58 /* ComputorUITests.xctest */;
			productType = "com.apple.product-type.bundle.ui-testing";
		};
/* End PBXNativeTarget section */

/* Begin PBXProject section */
		0C3354C22CC7A51E00776F58 /* Project object */ = {
			isa = PBXProject;
			attributes = {
				BuildIndependentTargetsInParallel = 1;
				LastSwiftUpdateCheck = 1600;
				LastUpgradeCheck = 1600;
				TargetAttributes = {
					0C3354C92CC7A51E00776F58 = {
						CreatedOnToolsVersion = 16.0;
					};
					0C3354D92CC7A52100776F58 = {
						CreatedOnToolsVersion = 16.0;
						TestTargetID = 0C3354C92CC7A51E00776F58;
					};
					0C3354E32CC7A52100776F58 = {
						CreatedOnToolsVersion = 16.0;
						TestTargetID = 0C3354C92CC7A51E00776F58;
					};
				};
			};
			buildConfigurationList = 0C3354C52CC7A51E00776F58 /* Build configuration list for PBXProject "Computor" */;
			developmentRegion = en;
			hasScannedForEncodings = 0;
			knownRegions = (
				en,
				Base,
			);
			mainGroup = 0C3354C12CC7A51E00776F58;
			minimizedProjectReferenceProxies = 1;
			packageReferences = (
				0C3355052CC7B63700776F58 /* XCRemoteSwiftPackageReference "swift-numerics" */,
			);
			preferredProjectObjectVersion = 77;
			productRefGroup = 0C3354CB2CC7A51E00776F58 /* Products */;
			projectDirPath = "";
			projectRoot = "";
			targets = (
				0C3354C92CC7A51E00776F58 /* Computor */,
				0C3354D92CC7A52100776F58 /* ComputorTests */,
				0C3354E32CC7A52100776F58 /* ComputorUITests */,
			);
		};
/* End PBXProject section */

/* Begin PBXResourcesBuildPhase section */
		0C3354C82CC7A51E00776F58 /* Resources */ = {
			isa = PBXResourcesBuildPhase;
			buildActionMask = 2147483647;
			files = (
			);
			runOnlyForDeploymentPostprocessing = 0;
		};
		0C3354D82CC7A52100776F58 /* Resources */ = {
			isa = PBXResourcesBuildPhase;
			buildActionMask = 2147483647;
			files = (
			);
			runOnlyForDeploymentPostprocessing = 0;
		};
		0C3354E22CC7A52100776F58 /* Resources */ = {
			isa = PBXResourcesBuildPhase;
			buildActionMask = 2147483647;
			files = (
			);
			runOnlyForDeploymentPostprocessing = 0;
		};
/* End PBXResourcesBuildPhase section */

/* Begin PBXSourcesBuildPhase section */
		0C3354C62CC7A51E00776F58 /* Sources */ = {
			isa = PBXSourcesBuildPhase;
			buildActionMask = 2147483647;
			files = (
			);
			runOnlyForDeploymentPostprocessing = 0;
		};
		0C3354D62CC7A52100776F58 /* Sources */ = {
			isa = PBXSourcesBuildPhase;
			buildActionMask = 2147483647;
			files = (
			);
			runOnlyForDeploymentPostprocessing = 0;
		};
		0C3354E02CC7A52100776F58 /* Sources */ = {
			isa = PBXSourcesBuildPhase;
			buildActionMask = 2147483647;
			files = (
			);
			runOnlyForDeploymentPostprocessing = 0;
		};
/* End PBXSourcesBuildPhase section */

/* Begin PBXTargetDependency section */
		0C3354DC2CC7A52100776F58 /* PBXTargetDependency */ = {
			isa = PBXTargetDependency;
			target = 0C3354C92CC7A51E00776F58 /* Computor */;
			targetProxy = 0C3354DB2CC7A52100776F58 /* PBXContainerItemProxy */;
		};
		0C3354E62CC7A52100776F58 /* PBXTargetDependency */ = {
			isa = PBXTargetDependency;
			target = 0C3354C92CC7A51E00776F58 /* Computor */;
			targetProxy = 0C3354E52CC7A52100776F58 /* PBXContainerItemProxy */;
		};
/* End PBXTargetDependency section */

/* Begin XCBuildConfiguration section */
		0C3354EC2CC7A52100776F58 /* Debug */ = {
			isa = XCBuildConfiguration;
			buildSettings = {
				ALWAYS_SEARCH_USER_PATHS = NO;
				ASSETCATALOG_COMPILER_GENERATE_SWIFT_ASSET_SYMBOL_EXTENSIONS = YES;
				CLANG_ANALYZER_NONNULL = YES;
				CLANG_ANALYZER_NUMBER_OBJECT_CONVERSION = YES_AGGRESSIVE;
				CLANG_CXX_LANGUAGE_STANDARD = "gnu++20";
				CLANG_ENABLE_MODULES = YES;
				CLANG_ENABLE_OBJC_ARC = YES;
				CLANG_ENABLE_OBJC_WEAK = YES;
				CLANG_WARN_BLOCK_CAPTURE_AUTORELEASING = YES;
				CLANG_WARN_BOOL_CONVERSION = YES;
				CLANG_WARN_COMMA = YES;
				CLANG_WARN_CONSTANT_CONVERSION = YES;
				CLANG_WARN_DEPRECATED_OBJC_IMPLEMENTATIONS = YES;
				CLANG_WARN_DIRECT_OBJC_ISA_USAGE = YES_ERROR;
				CLANG_WARN_DOCUMENTATION_COMMENTS = YES;
				CLANG_WARN_EMPTY_BODY = YES;
				CLANG_WARN_ENUM_CONVERSION = YES;
				CLANG_WARN_INFINITE_RECURSION = YES;
				CLANG_WARN_INT_CONVERSION = YES;
				CLANG_WARN_NON_LITERAL_NULL_CONVERSION = YES;
				CLANG_WARN_OBJC_IMPLICIT_RETAIN_SELF = YES;
				CLANG_WARN_OBJC_LITERAL_CONVERSION = YES;
				CLANG_WARN_OBJC_ROOT_CLASS = YES_ERROR;
				CLANG_WARN_QUOTED_INCLUDE_IN_FRAMEWORK_HEADER = YES;
				CLANG_WARN_RANGE_LOOP_ANALYSIS = YES;
				CLANG_WARN_STRICT_PROTOTYPES = YES;
				CLANG_WARN_SUSPICIOUS_MOVE = YES;
				CLANG_WARN_UNGUARDED_AVAILABILITY = YES_AGGRESSIVE;
				CLANG_WARN_UNREACHABLE_CODE = YES;
				CLANG_WARN__DUPLICATE_METHOD_MATCH = YES;
				COPY_PHASE_STRIP = NO;
				DEBUG_INFORMATION_FORMAT = dwarf;
				ENABLE_STRICT_OBJC_MSGSEND = YES;
				ENABLE_TESTABILITY = YES;
				ENABLE_USER_SCRIPT_SANDBOXING = YES;
				GCC_C_LANGUAGE_STANDARD = gnu17;
				GCC_DYNAMIC_NO_PIC = NO;
				GCC_NO_COMMON_BLOCKS = YES;
				GCC_OPTIMIZATION_LEVEL = 0;
				GCC_PREPROCESSOR_DEFINITIONS = (
					"DEBUG=1",
					"$(inherited)",
				);
				GCC_WARN_64_TO_32_BIT_CONVERSION = YES;
				GCC_WARN_ABOUT_RETURN_TYPE = YES_ERROR;
				GCC_WARN_UNDECLARED_SELECTOR = YES;
				GCC_WARN_UNINITIALIZED_AUTOS = YES_AGGRESSIVE;
				GCC_WARN_UNUSED_FUNCTION = YES;
				GCC_WARN_UNUSED_VARIABLE = YES;
				IPHONEOS_DEPLOYMENT_TARGET = 18.0;
				LOCALIZATION_PREFERS_STRING_CATALOGS = YES;
				MTL_ENABLE_DEBUG_INFO = INCLUDE_SOURCE;
				MTL_FAST_MATH = YES;
				ONLY_ACTIVE_ARCH = YES;
				SDKROOT = iphoneos;
				SWIFT_ACTIVE_COMPILATION_CONDITIONS = "DEBUG $(inherited)";
				SWIFT_OPTIMIZATION_LEVEL = "-Onone";
			};
			name = Debug;
		};
		0C3354ED2CC7A52100776F58 /* Release */ = {
			isa = XCBuildConfiguration;
			buildSettings = {
				ALWAYS_SEARCH_USER_PATHS = NO;
				ASSETCATALOG_COMPILER_GENERATE_SWIFT_ASSET_SYMBOL_EXTENSIONS = YES;
				CLANG_ANALYZER_NONNULL = YES;
				CLANG_ANALYZER_NUMBER_OBJECT_CONVERSION = YES_AGGRESSIVE;
				CLANG_CXX_LANGUAGE_STANDARD = "gnu++20";
				CLANG_ENABLE_MODULES = YES;
				CLANG_ENABLE_OBJC_ARC = YES;
				CLANG_ENABLE_OBJC_WEAK = YES;
				CLANG_WARN_BLOCK_CAPTURE_AUTORELEASING = YES;
				CLANG_WARN_BOOL_CONVERSION = YES;
				CLANG_WARN_COMMA = YES;
				CLANG_WARN_CONSTANT_CONVERSION = YES;
				CLANG_WARN_DEPRECATED_OBJC_IMPLEMENTATIONS = YES;
				CLANG_WARN_DIRECT_OBJC_ISA_USAGE = YES_ERROR;
				CLANG_WARN_DOCUMENTATION_COMMENTS = YES;
				CLANG_WARN_EMPTY_BODY = YES;
				CLANG_WARN_ENUM_CONVERSION = YES;
				CLANG_WARN_INFINITE_RECURSION = YES;
				CLANG_WARN_INT_CONVERSION = YES;
				CLANG_WARN_NON_LITERAL_NULL_CONVERSION = YES;
				CLANG_WARN_OBJC_IMPLICIT_RETAIN_SELF = YES;
				CLANG_WARN_OBJC_LITERAL_CONVERSION = YES;
				CLANG_WARN_OBJC_ROOT_CLASS = YES_ERROR;
				CLANG_WARN_QUOTED_INCLUDE_IN_FRAMEWORK_HEADER = YES;
				CLANG_WARN_RANGE_LOOP_ANALYSIS = YES;
				CLANG_WARN_STRICT_PROTOTYPES = YES;
				CLANG_WARN_SUSPICIOUS_MOVE = YES;
				CLANG_WARN_UNGUARDED_AVAILABILITY = YES_AGGRESSIVE;
				CLANG_WARN_UNREACHABLE_CODE = YES;
				CLANG_WARN__DUPLICATE_METHOD_MATCH = YES;
				COPY_PHASE_STRIP = NO;
				DEBUG_INFORMATION_FORMAT = "dwarf-with-dsym";
				ENABLE_NS_ASSERTIONS = NO;
				ENABLE_STRICT_OBJC_MSGSEND = YES;
				ENABLE_USER_SCRIPT_SANDBOXING = YES;
				GCC_C_LANGUAGE_STANDARD = gnu17;
				GCC_NO_COMMON_BLOCKS = YES;
				GCC_WARN_64_TO_32_BIT_CONVERSION = YES;
				GCC_WARN_ABOUT_RETURN_TYPE = YES_ERROR;
				GCC_WARN_UNDECLARED_SELECTOR = YES;
				GCC_WARN_UNINITIALIZED_AUTOS = YES_AGGRESSIVE;
				GCC_WARN_UNUSED_FUNCTION = YES;
				GCC_WARN_UNUSED_VARIABLE = YES;
				IPHONEOS_DEPLOYMENT_TARGET = 18.0;
				LOCALIZATION_PREFERS_STRING_CATALOGS = YES;
				MTL_ENABLE_DEBUG_INFO = NO;
				MTL_FAST_MATH = YES;
				SDKROOT = iphoneos;
				SWIFT_COMPILATION_MODE = wholemodule;
				VALIDATE_PRODUCT = YES;
			};
			name = Release;
		};
		0C3354EF2CC7A52100776F58 /* Debug */ = {
			isa = XCBuildConfiguration;
			buildSettings = {
				ASSETCATALOG_COMPILER_APPICON_NAME = AppIcon;
				ASSETCATALOG_COMPILER_GLOBAL_ACCENT_COLOR_NAME = AccentColor;
				CODE_SIGN_STYLE = Automatic;
				CURRENT_PROJECT_VERSION = 1;
				DEVELOPMENT_ASSET_PATHS = "\"Computor/Preview Content\"";
				DEVELOPMENT_TEAM = MU5CYW35DG;
				ENABLE_PREVIEWS = YES;
				GENERATE_INFOPLIST_FILE = YES;
				INFOPLIST_KEY_UIApplicationSceneManifest_Generation = YES;
				INFOPLIST_KEY_UIApplicationSupportsIndirectInputEvents = YES;
				INFOPLIST_KEY_UILaunchScreen_Generation = YES;
				INFOPLIST_KEY_UISupportedInterfaceOrientations = UIInterfaceOrientationPortrait;
				INFOPLIST_KEY_UISupportedInterfaceOrientations_iPad = "UIInterfaceOrientationLandscapeLeft UIInterfaceOrientationLandscapeRight UIInterfaceOrientationPortrait UIInterfaceOrientationPortraitUpsideDown";
				LD_RUNPATH_SEARCH_PATHS = (
					"$(inherited)",
					"@executable_path/Frameworks",
				);
				MARKETING_VERSION = 1.0;
				PRODUCT_BUNDLE_IDENTIFIER = Microsnout.Computor;
				PRODUCT_NAME = "$(TARGET_NAME)";
				SWIFT_EMIT_LOC_STRINGS = YES;
				SWIFT_VERSION = 5.0;
				TARGETED_DEVICE_FAMILY = "1,2";
			};
			name = Debug;
		};
		0C3354F02CC7A52100776F58 /* Release */ = {
			isa = XCBuildConfiguration;
			buildSettings = {
				ASSETCATALOG_COMPILER_APPICON_NAME = AppIcon;
				ASSETCATALOG_COMPILER_GLOBAL_ACCENT_COLOR_NAME = AccentColor;
				CODE_SIGN_STYLE = Automatic;
				CURRENT_PROJECT_VERSION = 1;
				DEVELOPMENT_ASSET_PATHS = "\"Computor/Preview Content\"";
				DEVELOPMENT_TEAM = MU5CYW35DG;
				ENABLE_PREVIEWS = YES;
				GENERATE_INFOPLIST_FILE = YES;
				INFOPLIST_KEY_UIApplicationSceneManifest_Generation = YES;
				INFOPLIST_KEY_UIApplicationSupportsIndirectInputEvents = YES;
				INFOPLIST_KEY_UILaunchScreen_Generation = YES;
				INFOPLIST_KEY_UISupportedInterfaceOrientations = UIInterfaceOrientationPortrait;
				INFOPLIST_KEY_UISupportedInterfaceOrientations_iPad = "UIInterfaceOrientationLandscapeLeft UIInterfaceOrientationLandscapeRight UIInterfaceOrientationPortrait UIInterfaceOrientationPortraitUpsideDown";
				LD_RUNPATH_SEARCH_PATHS = (
					"$(inherited)",
					"@executable_path/Frameworks",
				);
				MARKETING_VERSION = 1.0;
				PRODUCT_BUNDLE_IDENTIFIER = Microsnout.Computor;
				PRODUCT_NAME = "$(TARGET_NAME)";
				SWIFT_EMIT_LOC_STRINGS = YES;
				SWIFT_VERSION = 5.0;
				TARGETED_DEVICE_FAMILY = "1,2";
			};
			name = Release;
		};
		0C3354F22CC7A52100776F58 /* Debug */ = {
			isa = XCBuildConfiguration;
			buildSettings = {
				BUNDLE_LOADER = "$(TEST_HOST)";
				CODE_SIGN_STYLE = Automatic;
				CURRENT_PROJECT_VERSION = 1;
				DEVELOPMENT_TEAM = MU5CYW35DG;
				GENERATE_INFOPLIST_FILE = YES;
				IPHONEOS_DEPLOYMENT_TARGET = 18.0;
				MARKETING_VERSION = 1.0;
				PRODUCT_BUNDLE_IDENTIFIER = Microsnout.ComputorTests;
				PRODUCT_NAME = "$(TARGET_NAME)";
				SWIFT_EMIT_LOC_STRINGS = NO;
				SWIFT_VERSION = 5.0;
				TARGETED_DEVICE_FAMILY = "1,2";
				TEST_HOST = "$(BUILT_PRODUCTS_DIR)/Computor.app/$(BUNDLE_EXECUTABLE_FOLDER_PATH)/Computor";
			};
			name = Debug;
		};
		0C3354F32CC7A52100776F58 /* Release */ = {
			isa = XCBuildConfiguration;
			buildSettings = {
				BUNDLE_LOADER = "$(TEST_HOST)";
				CODE_SIGN_STYLE = Automatic;
				CURRENT_PROJECT_VERSION = 1;
				DEVELOPMENT_TEAM = MU5CYW35DG;
				GENERATE_INFOPLIST_FILE = YES;
				IPHONEOS_DEPLOYMENT_TARGET = 18.0;
				MARKETING_VERSION = 1.0;
				PRODUCT_BUNDLE_IDENTIFIER = Microsnout.ComputorTests;
				PRODUCT_NAME = "$(TARGET_NAME)";
				SWIFT_EMIT_LOC_STRINGS = NO;
				SWIFT_VERSION = 5.0;
				TARGETED_DEVICE_FAMILY = "1,2";
				TEST_HOST = "$(BUILT_PRODUCTS_DIR)/Computor.app/$(BUNDLE_EXECUTABLE_FOLDER_PATH)/Computor";
			};
			name = Release;
		};
		0C3354F52CC7A52100776F58 /* Debug */ = {
			isa = XCBuildConfiguration;
			buildSettings = {
				CODE_SIGN_STYLE = Automatic;
				CURRENT_PROJECT_VERSION = 1;
				DEVELOPMENT_TEAM = MU5CYW35DG;
				GENERATE_INFOPLIST_FILE = YES;
				MARKETING_VERSION = 1.0;
				PRODUCT_BUNDLE_IDENTIFIER = Microsnout.ComputorUITests;
				PRODUCT_NAME = "$(TARGET_NAME)";
				SWIFT_EMIT_LOC_STRINGS = NO;
				SWIFT_VERSION = 5.0;
				TARGETED_DEVICE_FAMILY = "1,2";
				TEST_TARGET_NAME = Computor;
			};
			name = Debug;
		};
		0C3354F62CC7A52100776F58 /* Release */ = {
			isa = XCBuildConfiguration;
			buildSettings = {
				CODE_SIGN_STYLE = Automatic;
				CURRENT_PROJECT_VERSION = 1;
				DEVELOPMENT_TEAM = MU5CYW35DG;
				GENERATE_INFOPLIST_FILE = YES;
				MARKETING_VERSION = 1.0;
				PRODUCT_BUNDLE_IDENTIFIER = Microsnout.ComputorUITests;
				PRODUCT_NAME = "$(TARGET_NAME)";
				SWIFT_EMIT_LOC_STRINGS = NO;
				SWIFT_VERSION = 5.0;
				TARGETED_DEVICE_FAMILY = "1,2";
				TEST_TARGET_NAME = Computor;
			};
			name = Release;
		};
/* End XCBuildConfiguration section */

/* Begin XCConfigurationList section */
		0C3354C52CC7A51E00776F58 /* Build configuration list for PBXProject "Computor" */ = {
			isa = XCConfigurationList;
			buildConfigurations = (
				0C3354EC2CC7A52100776F58 /* Debug */,
				0C3354ED2CC7A52100776F58 /* Release */,
			);
			defaultConfigurationIsVisible = 0;
			defaultConfigurationName = Release;
		};
		0C3354EE2CC7A52100776F58 /* Build configuration list for PBXNativeTarget "Computor" */ = {
			isa = XCConfigurationList;
			buildConfigurations = (
				0C3354EF2CC7A52100776F58 /* Debug */,
				0C3354F02CC7A52100776F58 /* Release */,
			);
			defaultConfigurationIsVisible = 0;
			defaultConfigurationName = Release;
		};
		0C3354F12CC7A52100776F58 /* Build configuration list for PBXNativeTarget "ComputorTests" */ = {
			isa = XCConfigurationList;
			buildConfigurations = (
				0C3354F22CC7A52100776F58 /* Debug */,
				0C3354F32CC7A52100776F58 /* Release */,
			);
			defaultConfigurationIsVisible = 0;
			defaultConfigurationName = Release;
		};
		0C3354F42CC7A52100776F58 /* Build configuration list for PBXNativeTarget "ComputorUITests" */ = {
			isa = XCConfigurationList;
			buildConfigurations = (
				0C3354F52CC7A52100776F58 /* Debug */,
				0C3354F62CC7A52100776F58 /* Release */,
			);
			defaultConfigurationIsVisible = 0;
			defaultConfigurationName = Release;
		};
/* End XCConfigurationList section */

/* Begin XCRemoteSwiftPackageReference section */
		0C3355052CC7B63700776F58 /* XCRemoteSwiftPackageReference "swift-numerics" */ = {
			isa = XCRemoteSwiftPackageReference;
			repositoryURL = "https://github.com/apple/swift-numerics.git";
			requirement = {
				kind = upToNextMajorVersion;
				minimumVersion = 1.0.2;
			};
		};
/* End XCRemoteSwiftPackageReference section */

/* Begin XCSwiftPackageProductDependency section */
		0C3355062CC7B63700776F58 /* ComplexModule */ = {
			isa = XCSwiftPackageProductDependency;
			package = 0C3355052CC7B63700776F58 /* XCRemoteSwiftPackageReference "swift-numerics" */;
			productName = ComplexModule;
		};
		0C3355082CC7B63700776F58 /* Numerics */ = {
			isa = XCSwiftPackageProductDependency;
			package = 0C3355052CC7B63700776F58 /* XCRemoteSwiftPackageReference "swift-numerics" */;
			productName = Numerics;
		};
		0C33550A2CC7B63700776F58 /* RealModule */ = {
			isa = XCSwiftPackageProductDependency;
			package = 0C3355052CC7B63700776F58 /* XCRemoteSwiftPackageReference "swift-numerics" */;
			productName = RealModule;
		};
/* End XCSwiftPackageProductDependency section */
	};
	rootObject = 0C3354C22CC7A51E00776F58 /* Project object */;
}
